// !$*UTF8*$!
{
	archiveVersion = 1;
	classes = {
	};
	objectVersion = 50;
	objects = {

/* Begin PBXBuildFile section */
		EB210FA426FC00F6006DFC07 /* LocationData.xcdatamodeld in Sources */ = {isa = PBXBuildFile; fileRef = EB210FA226FC00F6006DFC07 /* LocationData.xcdatamodeld */; };
		EB210FA626FC1310006DFC07 /* LocationDetailsViewController.swift in Sources */ = {isa = PBXBuildFile; fileRef = EB210FA526FC1310006DFC07 /* LocationDetailsViewController.swift */; };
		EB210FA826FCBFDF006DFC07 /* MyImagePickerController.swift in Sources */ = {isa = PBXBuildFile; fileRef = EB210FA726FCBFDF006DFC07 /* MyImagePickerController.swift */; };
		EB210FB426FCD06A006DFC07 /* Location+CoreDataClass.swift in Sources */ = {isa = PBXBuildFile; fileRef = EB210FB226FCD06A006DFC07 /* Location+CoreDataClass.swift */; };
		EB210FB526FCD06A006DFC07 /* Location+CoreDataProperties.swift in Sources */ = {isa = PBXBuildFile; fileRef = EB210FB326FCD06A006DFC07 /* Location+CoreDataProperties.swift */; };
		EB210FB726FCD0D1006DFC07 /* Funtions.swift in Sources */ = {isa = PBXBuildFile; fileRef = EB210FB626FCD0D1006DFC07 /* Funtions.swift */; };
		EB560EE5270133DA004C4343 /* HudView.swift in Sources */ = {isa = PBXBuildFile; fileRef = EB560EE4270133DA004C4343 /* HudView.swift */; };
		EBAA1BE526F123870030ECE6 /* AppDelegate.swift in Sources */ = {isa = PBXBuildFile; fileRef = EBAA1BE426F123870030ECE6 /* AppDelegate.swift */; };
		EBAA1BE726F123870030ECE6 /* SceneDelegate.swift in Sources */ = {isa = PBXBuildFile; fileRef = EBAA1BE626F123870030ECE6 /* SceneDelegate.swift */; };
		EBAA1BE926F123870030ECE6 /* ViewController.swift in Sources */ = {isa = PBXBuildFile; fileRef = EBAA1BE826F123870030ECE6 /* ViewController.swift */; };
		EBAA1BEC26F123870030ECE6 /* Main.storyboard in Resources */ = {isa = PBXBuildFile; fileRef = EBAA1BEA26F123870030ECE6 /* Main.storyboard */; };
		EBAA1BEE26F123870030ECE6 /* Assets.xcassets in Resources */ = {isa = PBXBuildFile; fileRef = EBAA1BED26F123870030ECE6 /* Assets.xcassets */; };
		EBAA1BF126F123870030ECE6 /* LaunchScreen.storyboard in Resources */ = {isa = PBXBuildFile; fileRef = EBAA1BEF26F123870030ECE6 /* LaunchScreen.storyboard */; };
		EBCF9C7D26FD640B008BC112 /* GenderPickerViewController.swift in Sources */ = {isa = PBXBuildFile; fileRef = EBCF9C7C26FD640B008BC112 /* GenderPickerViewController.swift */; };
		EBCF9C7F26FD66D2008BC112 /* CountryPickerViewController.swift in Sources */ = {isa = PBXBuildFile; fileRef = EBCF9C7E26FD66D2008BC112 /* CountryPickerViewController.swift */; };
/* End PBXBuildFile section */

/* Begin PBXFileReference section */
		EB210FA326FC00F6006DFC07 /* LocationData.xcdatamodel */ = {isa = PBXFileReference; lastKnownFileType = wrapper.xcdatamodel; path = LocationData.xcdatamodel; sourceTree = "<group>"; };
		EB210FA526FC1310006DFC07 /* LocationDetailsViewController.swift */ = {isa = PBXFileReference; lastKnownFileType = sourcecode.swift; path = LocationDetailsViewController.swift; sourceTree = "<group>"; };
		EB210FA726FCBFDF006DFC07 /* MyImagePickerController.swift */ = {isa = PBXFileReference; lastKnownFileType = sourcecode.swift; path = MyImagePickerController.swift; sourceTree = "<group>"; };
		EB210FB226FCD06A006DFC07 /* Location+CoreDataClass.swift */ = {isa = PBXFileReference; lastKnownFileType = sourcecode.swift; path = "Location+CoreDataClass.swift"; sourceTree = "<group>"; };
		EB210FB326FCD06A006DFC07 /* Location+CoreDataProperties.swift */ = {isa = PBXFileReference; lastKnownFileType = sourcecode.swift; path = "Location+CoreDataProperties.swift"; sourceTree = "<group>"; };
		EB210FB626FCD0D1006DFC07 /* Funtions.swift */ = {isa = PBXFileReference; lastKnownFileType = sourcecode.swift; path = Funtions.swift; sourceTree = "<group>"; };
		EB560EE4270133DA004C4343 /* HudView.swift */ = {isa = PBXFileReference; lastKnownFileType = sourcecode.swift; path = HudView.swift; sourceTree = "<group>"; };
		EBAA1BE126F123870030ECE6 /* Final Project App.app */ = {isa = PBXFileReference; explicitFileType = wrapper.application; includeInIndex = 0; path = "Final Project App.app"; sourceTree = BUILT_PRODUCTS_DIR; };
		EBAA1BE426F123870030ECE6 /* AppDelegate.swift */ = {isa = PBXFileReference; lastKnownFileType = sourcecode.swift; path = AppDelegate.swift; sourceTree = "<group>"; };
		EBAA1BE626F123870030ECE6 /* SceneDelegate.swift */ = {isa = PBXFileReference; lastKnownFileType = sourcecode.swift; path = SceneDelegate.swift; sourceTree = "<group>"; };
		EBAA1BE826F123870030ECE6 /* ViewController.swift */ = {isa = PBXFileReference; lastKnownFileType = sourcecode.swift; path = ViewController.swift; sourceTree = "<group>"; };
		EBAA1BEB26F123870030ECE6 /* Base */ = {isa = PBXFileReference; lastKnownFileType = file.storyboard; name = Base; path = Base.lproj/Main.storyboard; sourceTree = "<group>"; };
		EBAA1BED26F123870030ECE6 /* Assets.xcassets */ = {isa = PBXFileReference; lastKnownFileType = folder.assetcatalog; path = Assets.xcassets; sourceTree = "<group>"; };
		EBAA1BF026F123870030ECE6 /* Base */ = {isa = PBXFileReference; lastKnownFileType = file.storyboard; name = Base; path = Base.lproj/LaunchScreen.storyboard; sourceTree = "<group>"; };
		EBAA1BF226F123870030ECE6 /* Info.plist */ = {isa = PBXFileReference; lastKnownFileType = text.plist.xml; path = Info.plist; sourceTree = "<group>"; };
		EBCF9C7C26FD640B008BC112 /* GenderPickerViewController.swift */ = {isa = PBXFileReference; lastKnownFileType = sourcecode.swift; path = GenderPickerViewController.swift; sourceTree = "<group>"; };
		EBCF9C7E26FD66D2008BC112 /* CountryPickerViewController.swift */ = {isa = PBXFileReference; lastKnownFileType = sourcecode.swift; path = CountryPickerViewController.swift; sourceTree = "<group>"; };
/* End PBXFileReference section */

/* Begin PBXFrameworksBuildPhase section */
		EBAA1BDE26F123870030ECE6 /* Frameworks */ = {
			isa = PBXFrameworksBuildPhase;
			buildActionMask = 2147483647;
			files = (
			);
			runOnlyForDeploymentPostprocessing = 0;
		};
/* End PBXFrameworksBuildPhase section */

/* Begin PBXGroup section */
		EB210FAD26FCCE08006DFC07 /* Model */ = {
			isa = PBXGroup;
			children = (
				EB210FB226FCD06A006DFC07 /* Location+CoreDataClass.swift */,
				EB210FB326FCD06A006DFC07 /* Location+CoreDataProperties.swift */,
			);
			path = Model;
			sourceTree = "<group>";
		};
		EBAA1BD826F123870030ECE6 = {
			isa = PBXGroup;
			children = (
				EBAA1BE326F123870030ECE6 /* Final Project App */,
				EBAA1BE226F123870030ECE6 /* Products */,
			);
			sourceTree = "<group>";
		};
		EBAA1BE226F123870030ECE6 /* Products */ = {
			isa = PBXGroup;
			children = (
				EBAA1BE126F123870030ECE6 /* Final Project App.app */,
			);
			name = Products;
			sourceTree = "<group>";
		};
		EBAA1BE326F123870030ECE6 /* Final Project App */ = {
			isa = PBXGroup;
			children = (
				EB210FAD26FCCE08006DFC07 /* Model */,
				EBAA1BE426F123870030ECE6 /* AppDelegate.swift */,
				EBAA1BE626F123870030ECE6 /* SceneDelegate.swift */,
				EBAA1BE826F123870030ECE6 /* ViewController.swift */,
				EB210FA526FC1310006DFC07 /* LocationDetailsViewController.swift */,
				EBCF9C7C26FD640B008BC112 /* GenderPickerViewController.swift */,
				EBCF9C7E26FD66D2008BC112 /* CountryPickerViewController.swift */,
				EBAA1BEA26F123870030ECE6 /* Main.storyboard */,
				EBAA1BED26F123870030ECE6 /* Assets.xcassets */,
				EBAA1BEF26F123870030ECE6 /* LaunchScreen.storyboard */,
				EBAA1BF226F123870030ECE6 /* Info.plist */,
				EB210FA226FC00F6006DFC07 /* LocationData.xcdatamodeld */,
				EB210FA726FCBFDF006DFC07 /* MyImagePickerController.swift */,
				EB210FB626FCD0D1006DFC07 /* Funtions.swift */,
				EB560EE4270133DA004C4343 /* HudView.swift */,
			);
			path = "Final Project App";
			sourceTree = "<group>";
		};
/* End PBXGroup section */

/* Begin PBXNativeTarget section */
		EBAA1BE026F123870030ECE6 /* Final Project App */ = {
			isa = PBXNativeTarget;
			buildConfigurationList = EBAA1BF526F123870030ECE6 /* Build configuration list for PBXNativeTarget "Final Project App" */;
			buildPhases = (
				EBAA1BDD26F123870030ECE6 /* Sources */,
				EBAA1BDE26F123870030ECE6 /* Frameworks */,
				EBAA1BDF26F123870030ECE6 /* Resources */,
			);
			buildRules = (
			);
			dependencies = (
			);
			name = "Final Project App";
			productName = "Final Project App";
			productReference = EBAA1BE126F123870030ECE6 /* Final Project App.app */;
			productType = "com.apple.product-type.application";
		};
/* End PBXNativeTarget section */

/* Begin PBXProject section */
		EBAA1BD926F123870030ECE6 /* Project object */ = {
			isa = PBXProject;
			attributes = {
				LastSwiftUpdateCheck = 1250;
				LastUpgradeCheck = 1250;
				TargetAttributes = {
					EBAA1BE026F123870030ECE6 = {
						CreatedOnToolsVersion = 12.5.1;
					};
				};
			};
			buildConfigurationList = EBAA1BDC26F123870030ECE6 /* Build configuration list for PBXProject "Final Project App" */;
			compatibilityVersion = "Xcode 9.3";
			developmentRegion = en;
			hasScannedForEncodings = 0;
			knownRegions = (
				en,
				Base,
			);
			mainGroup = EBAA1BD826F123870030ECE6;
			productRefGroup = EBAA1BE226F123870030ECE6 /* Products */;
			projectDirPath = "";
			projectRoot = "";
			targets = (
				EBAA1BE026F123870030ECE6 /* Final Project App */,
			);
		};
/* End PBXProject section */

/* Begin PBXResourcesBuildPhase section */
		EBAA1BDF26F123870030ECE6 /* Resources */ = {
			isa = PBXResourcesBuildPhase;
			buildActionMask = 2147483647;
			files = (
				EBAA1BF126F123870030ECE6 /* LaunchScreen.storyboard in Resources */,
				EBAA1BEE26F123870030ECE6 /* Assets.xcassets in Resources */,
				EBAA1BEC26F123870030ECE6 /* Main.storyboard in Resources */,
			);
			runOnlyForDeploymentPostprocessing = 0;
		};
/* End PBXResourcesBuildPhase section */

/* Begin PBXSourcesBuildPhase section */
		EBAA1BDD26F123870030ECE6 /* Sources */ = {
			isa = PBXSourcesBuildPhase;
			buildActionMask = 2147483647;
			files = (
				EB210FB526FCD06A006DFC07 /* Location+CoreDataProperties.swift in Sources */,
				EB210FB426FCD06A006DFC07 /* Location+CoreDataClass.swift in Sources */,
				EB210FA426FC00F6006DFC07 /* LocationData.xcdatamodeld in Sources */,
				EBAA1BE926F123870030ECE6 /* ViewController.swift in Sources */,
				EBCF9C7F26FD66D2008BC112 /* CountryPickerViewController.swift in Sources */,
				EBAA1BE526F123870030ECE6 /* AppDelegate.swift in Sources */,
				EBAA1BE726F123870030ECE6 /* SceneDelegate.swift in Sources */,
				EB210FA626FC1310006DFC07 /* LocationDetailsViewController.swift in Sources */,
				EB560EE5270133DA004C4343 /* HudView.swift in Sources */,
				EB210FA826FCBFDF006DFC07 /* MyImagePickerController.swift in Sources */,
				EBCF9C7D26FD640B008BC112 /* GenderPickerViewController.swift in Sources */,
				EB210FB726FCD0D1006DFC07 /* Funtions.swift in Sources */,
			);
			runOnlyForDeploymentPostprocessing = 0;
		};
/* End PBXSourcesBuildPhase section */

/* Begin PBXVariantGroup section */
		EBAA1BEA26F123870030ECE6 /* Main.storyboard */ = {
			isa = PBXVariantGroup;
			children = (
				EBAA1BEB26F123870030ECE6 /* Base */,
			);
			name = Main.storyboard;
			sourceTree = "<group>";
		};
		EBAA1BEF26F123870030ECE6 /* LaunchScreen.storyboard */ = {
			isa = PBXVariantGroup;
			children = (
				EBAA1BF026F123870030ECE6 /* Base */,
			);
			name = LaunchScreen.storyboard;
			sourceTree = "<group>";
		};
/* End PBXVariantGroup section */

/* Begin XCBuildConfiguration section */
		EBAA1BF326F123870030ECE6 /* Debug */ = {
			isa = XCBuildConfiguration;
			buildSettings = {
				ALWAYS_SEARCH_USER_PATHS = NO;
				CLANG_ANALYZER_NONNULL = YES;
				CLANG_ANALYZER_NUMBER_OBJECT_CONVERSION = YES_AGGRESSIVE;
				CLANG_CXX_LANGUAGE_STANDARD = "gnu++14";
				CLANG_CXX_LIBRARY = "libc++";
				CLANG_ENABLE_MODULES = YES;
				CLANG_ENABLE_OBJC_ARC = YES;
				CLANG_ENABLE_OBJC_WEAK = YES;
				CLANG_WARN_BLOCK_CAPTURE_AUTORELEASING = YES;
				CLANG_WARN_BOOL_CONVERSION = YES;
				CLANG_WARN_COMMA = YES;
				CLANG_WARN_CONSTANT_CONVERSION = YES;
				CLANG_WARN_DEPRECATED_OBJC_IMPLEMENTATIONS = YES;
				CLANG_WARN_DIRECT_OBJC_ISA_USAGE = YES_ERROR;
				CLANG_WARN_DOCUMENTATION_COMMENTS = YES;
				CLANG_WARN_EMPTY_BODY = YES;
				CLANG_WARN_ENUM_CONVERSION = YES;
				CLANG_WARN_INFINITE_RECURSION = YES;
				CLANG_WARN_INT_CONVERSION = YES;
				CLANG_WARN_NON_LITERAL_NULL_CONVERSION = YES;
				CLANG_WARN_OBJC_IMPLICIT_RETAIN_SELF = YES;
				CLANG_WARN_OBJC_LITERAL_CONVERSION = YES;
				CLANG_WARN_OBJC_ROOT_CLASS = YES_ERROR;
				CLANG_WARN_QUOTED_INCLUDE_IN_FRAMEWORK_HEADER = YES;
				CLANG_WARN_RANGE_LOOP_ANALYSIS = YES;
				CLANG_WARN_STRICT_PROTOTYPES = YES;
				CLANG_WARN_SUSPICIOUS_MOVE = YES;
				CLANG_WARN_UNGUARDED_AVAILABILITY = YES_AGGRESSIVE;
				CLANG_WARN_UNREACHABLE_CODE = YES;
				CLANG_WARN__DUPLICATE_METHOD_MATCH = YES;
				COPY_PHASE_STRIP = NO;
				DEBUG_INFORMATION_FORMAT = dwarf;
				ENABLE_STRICT_OBJC_MSGSEND = YES;
				ENABLE_TESTABILITY = YES;
				GCC_C_LANGUAGE_STANDARD = gnu11;
				GCC_DYNAMIC_NO_PIC = NO;
				GCC_NO_COMMON_BLOCKS = YES;
				GCC_OPTIMIZATION_LEVEL = 0;
				GCC_PREPROCESSOR_DEFINITIONS = (
					"DEBUG=1",
					"$(inherited)",
				);
				GCC_WARN_64_TO_32_BIT_CONVERSION = YES;
				GCC_WARN_ABOUT_RETURN_TYPE = YES_ERROR;
				GCC_WARN_UNDECLARED_SELECTOR = YES;
				GCC_WARN_UNINITIALIZED_AUTOS = YES_AGGRESSIVE;
				GCC_WARN_UNUSED_FUNCTION = YES;
				GCC_WARN_UNUSED_VARIABLE = YES;
				IPHONEOS_DEPLOYMENT_TARGET = 14.5;
				MTL_ENABLE_DEBUG_INFO = INCLUDE_SOURCE;
				MTL_FAST_MATH = YES;
				ONLY_ACTIVE_ARCH = YES;
				SDKROOT = iphoneos;
				SWIFT_ACTIVE_COMPILATION_CONDITIONS = DEBUG;
				SWIFT_OPTIMIZATION_LEVEL = "-Onone";
			};
			name = Debug;
		};
		EBAA1BF426F123870030ECE6 /* Release */ = {
			isa = XCBuildConfiguration;
			buildSettings = {
				ALWAYS_SEARCH_USER_PATHS = NO;
				CLANG_ANALYZER_NONNULL = YES;
				CLANG_ANALYZER_NUMBER_OBJECT_CONVERSION = YES_AGGRESSIVE;
				CLANG_CXX_LANGUAGE_STANDARD = "gnu++14";
				CLANG_CXX_LIBRARY = "libc++";
				CLANG_ENABLE_MODULES = YES;
				CLANG_ENABLE_OBJC_ARC = YES;
				CLANG_ENABLE_OBJC_WEAK = YES;
				CLANG_WARN_BLOCK_CAPTURE_AUTORELEASING = YES;
				CLANG_WARN_BOOL_CONVERSION = YES;
				CLANG_WARN_COMMA = YES;
				CLANG_WARN_CONSTANT_CONVERSION = YES;
				CLANG_WARN_DEPRECATED_OBJC_IMPLEMENTATIONS = YES;
				CLANG_WARN_DIRECT_OBJC_ISA_USAGE = YES_ERROR;
				CLANG_WARN_DOCUMENTATION_COMMENTS = YES;
				CLANG_WARN_EMPTY_BODY = YES;
				CLANG_WARN_ENUM_CONVERSION = YES;
				CLANG_WARN_INFINITE_RECURSION = YES;
				CLANG_WARN_INT_CONVERSION = YES;
				CLANG_WARN_NON_LITERAL_NULL_CONVERSION = YES;
				CLANG_WARN_OBJC_IMPLICIT_RETAIN_SELF = YES;
				CLANG_WARN_OBJC_LITERAL_CONVERSION = YES;
				CLANG_WARN_OBJC_ROOT_CLASS = YES_ERROR;
				CLANG_WARN_QUOTED_INCLUDE_IN_FRAMEWORK_HEADER = YES;
				CLANG_WARN_RANGE_LOOP_ANALYSIS = YES;
				CLANG_WARN_STRICT_PROTOTYPES = YES;
				CLANG_WARN_SUSPICIOUS_MOVE = YES;
				CLANG_WARN_UNGUARDED_AVAILABILITY = YES_AGGRESSIVE;
				CLANG_WARN_UNREACHABLE_CODE = YES;
				CLANG_WARN__DUPLICATE_METHOD_MATCH = YES;
				COPY_PHASE_STRIP = NO;
				DEBUG_INFORMATION_FORMAT = "dwarf-with-dsym";
				ENABLE_NS_ASSERTIONS = NO;
				ENABLE_STRICT_OBJC_MSGSEND = YES;
				GCC_C_LANGUAGE_STANDARD = gnu11;
				GCC_NO_COMMON_BLOCKS = YES;
				GCC_WARN_64_TO_32_BIT_CONVERSION = YES;
				GCC_WARN_ABOUT_RETURN_TYPE = YES_ERROR;
				GCC_WARN_UNDECLARED_SELECTOR = YES;
				GCC_WARN_UNINITIALIZED_AUTOS = YES_AGGRESSIVE;
				GCC_WARN_UNUSED_FUNCTION = YES;
				GCC_WARN_UNUSED_VARIABLE = YES;
				IPHONEOS_DEPLOYMENT_TARGET = 14.5;
				MTL_ENABLE_DEBUG_INFO = NO;
				MTL_FAST_MATH = YES;
				SDKROOT = iphoneos;
				SWIFT_COMPILATION_MODE = wholemodule;
				SWIFT_OPTIMIZATION_LEVEL = "-O";
				VALIDATE_PRODUCT = YES;
			};
			name = Release;
		};
		EBAA1BF626F123870030ECE6 /* Debug */ = {
			isa = XCBuildConfiguration;
			buildSettings = {
				ASSETCATALOG_COMPILER_APPICON_NAME = AppIcon;
				ASSETCATALOG_COMPILER_GLOBAL_ACCENT_COLOR_NAME = AccentColor;
				CODE_SIGN_STYLE = Automatic;
				DEVELOPMENT_TEAM = D3DQBSL33L;
				INFOPLIST_FILE = "Final Project App/Info.plist";
				LD_RUNPATH_SEARCH_PATHS = (
					"$(inherited)",
					"@executable_path/Frameworks",
				);
				PRODUCT_BUNDLE_IDENTIFIER = "LambtonCollege.Final-Project-App";
				PRODUCT_NAME = "$(TARGET_NAME)";
				SWIFT_VERSION = 5.0;
				TARGETED_DEVICE_FAMILY = "1,2";
			};
			name = Debug;
		};
		EBAA1BF726F123870030ECE6 /* Release */ = {
			isa = XCBuildConfiguration;
			buildSettings = {
				ASSETCATALOG_COMPILER_APPICON_NAME = AppIcon;
				ASSETCATALOG_COMPILER_GLOBAL_ACCENT_COLOR_NAME = AccentColor;
				CODE_SIGN_STYLE = Automatic;
				DEVELOPMENT_TEAM = D3DQBSL33L;
				INFOPLIST_FILE = "Final Project App/Info.plist";
				LD_RUNPATH_SEARCH_PATHS = (
					"$(inherited)",
					"@executable_path/Frameworks",
				);
				PRODUCT_BUNDLE_IDENTIFIER = "LambtonCollege.Final-Project-App";
				PRODUCT_NAME = "$(TARGET_NAME)";
				SWIFT_VERSION = 5.0;
				TARGETED_DEVICE_FAMILY = "1,2";
			};
			name = Release;
		};
/* End XCBuildConfiguration section */

/* Begin XCConfigurationList section */
		EBAA1BDC26F123870030ECE6 /* Build configuration list for PBXProject "Final Project App" */ = {
			isa = XCConfigurationList;
			buildConfigurations = (
				EBAA1BF326F123870030ECE6 /* Debug */,
				EBAA1BF426F123870030ECE6 /* Release */,
			);
			defaultConfigurationIsVisible = 0;
			defaultConfigurationName = Release;
		};
		EBAA1BF526F123870030ECE6 /* Build configuration list for PBXNativeTarget "Final Project App" */ = {
			isa = XCConfigurationList;
			buildConfigurations = (
				EBAA1BF626F123870030ECE6 /* Debug */,
				EBAA1BF726F123870030ECE6 /* Release */,
			);
			defaultConfigurationIsVisible = 0;
			defaultConfigurationName = Release;
		};
/* End XCConfigurationList section */

/* Begin XCVersionGroup section */
		EB210FA226FC00F6006DFC07 /* LocationData.xcdatamodeld */ = {
			isa = XCVersionGroup;
			children = (
				EB210FA326FC00F6006DFC07 /* LocationData.xcdatamodel */,
			);
			currentVersion = EB210FA326FC00F6006DFC07 /* LocationData.xcdatamodel */;
			path = LocationData.xcdatamodeld;
			sourceTree = "<group>";
			versionGroupType = wrapper.xcdatamodel;
		};
/* End XCVersionGroup section */
	};
	rootObject = EBAA1BD926F123870030ECE6 /* Project object */;
}
